
Microsoft Visual Studio Solution File, Format Version 12.00
# Visual Studio 15
VisualStudioVersion = 15.0.26730.3
MinimumVisualStudioVersion = 10.0.40219.1
Project("{FAE04EC0-301F-11D3-BF4B-00C04F79EFBC}") = "EntidadesAbstractas", "Entidades\EntidadesAbstractas.csproj", "{1DEF7183-EC32-4C71-87E2-5417C12D0BDE}"
EndProject
Project("{FAE04EC0-301F-11D3-BF4B-00C04F79EFBC}") = "Clases.Instanciables", "Clases Instanciables\Clases.Instanciables.csproj", "{12D46291-AB33-4475-B687-70EA15990179}"
EndProject
Project("{FAE04EC0-301F-11D3-BF4B-00C04F79EFBC}") = "Excepciones", "Excepciones\Excepciones.csproj", "{E518D4C9-8A78-424D-B11F-73CE532A0C88}"
EndProject
Project("{FAE04EC0-301F-11D3-BF4B-00C04F79EFBC}") = "Archivos", "Archivos\Archivos.csproj", "{18CD5E7A-BF38-4329-8970-BE4BB2DCD0B5}"
EndProject
Project("{FAE04EC0-301F-11D3-BF4B-00C04F79EFBC}") = "Main", "Main\Main.csproj", "{EDD3EAA4-1163-4744-BBE4-EDFC1C8EF4C2}"
EndProject
Project("{FAE04EC0-301F-11D3-BF4B-00C04F79EFBC}") = "TestUnitarios", "TestUnitarios\TestUnitarios.csproj", "{3E350516-2D02-439A-AD31-0F80556F4804}"
EndProject
Global
	GlobalSection(SolutionConfigurationPlatforms) = preSolution
		Debug|Any CPU = Debug|Any CPU
		Release|Any CPU = Release|Any CPU
	EndGlobalSection
	GlobalSection(ProjectConfigurationPlatforms) = postSolution
		{1DEF7183-EC32-4C71-87E2-5417C12D0BDE}.Debug|Any CPU.ActiveCfg = Debug|Any CPU
		{1DEF7183-EC32-4C71-87E2-5417C12D0BDE}.Debug|Any CPU.Build.0 = Debug|Any CPU
		{1DEF7183-EC32-4C71-87E2-5417C12D0BDE}.Release|Any CPU.ActiveCfg = Release|Any CPU
		{1DEF7183-EC32-4C71-87E2-5417C12D0BDE}.Release|Any CPU.Build.0 = Release|Any CPU
		{12D46291-AB33-4475-B687-70EA15990179}.Debug|Any CPU.ActiveCfg = Debug|Any CPU
		{12D46291-AB33-4475-B687-70EA15990179}.Debug|Any CPU.Build.0 = Debug|Any CPU
		{12D46291-AB33-4475-B687-70EA15990179}.Release|Any CPU.ActiveCfg = Release|Any CPU
		{12D46291-AB33-4475-B687-70EA15990179}.Release|Any CPU.Build.0 = Release|Any CPU
		{E518D4C9-8A78-424D-B11F-73CE532A0C88}.Debug|Any CPU.ActiveCfg = Debug|Any CPU
		{E518D4C9-8A78-424D-B11F-73CE532A0C88}.Debug|Any CPU.Build.0 = Debug|Any CPU
		{E518D4C9-8A78-424D-B11F-73CE532A0C88}.Release|Any CPU.ActiveCfg = Release|Any CPU
		{E518D4C9-8A78-424D-B11F-73CE532A0C88}.Release|Any CPU.Build.0 = Release|Any CPU
		{18CD5E7A-BF38-4329-8970-BE4BB2DCD0B5}.Debug|Any CPU.ActiveCfg = Debug|Any CPU
		{18CD5E7A-BF38-4329-8970-BE4BB2DCD0B5}.Debug|Any CPU.Build.0 = Debug|Any CPU
		{18CD5E7A-BF38-4329-8970-BE4BB2DCD0B5}.Release|Any CPU.ActiveCfg = Release|Any CPU
		{18CD5E7A-BF38-4329-8970-BE4BB2DCD0B5}.Release|Any CPU.Build.0 = Release|Any CPU
		{EDD3EAA4-1163-4744-BBE4-EDFC1C8EF4C2}.Debug|Any CPU.ActiveCfg = Debug|Any CPU
		{EDD3EAA4-1163-4744-BBE4-EDFC1C8EF4C2}.Debug|Any CPU.Build.0 = Debug|Any CPU
		{EDD3EAA4-1163-4744-BBE4-EDFC1C8EF4C2}.Release|Any CPU.ActiveCfg = Release|Any CPU
		{EDD3EAA4-1163-4744-BBE4-EDFC1C8EF4C2}.Release|Any CPU.Build.0 = Release|Any CPU
		{3E350516-2D02-439A-AD31-0F80556F4804}.Debug|Any CPU.ActiveCfg = Debug|Any CPU
		{3E350516-2D02-439A-AD31-0F80556F4804}.Debug|Any CPU.Build.0 = Debug|Any CPU
		{3E350516-2D02-439A-AD31-0F80556F4804}.Release|Any CPU.ActiveCfg = Release|Any CPU
		{3E350516-2D02-439A-AD31-0F80556F4804}.Release|Any CPU.Build.0 = Release|Any CPU
	EndGlobalSection
	GlobalSection(SolutionProperties) = preSolution
		HideSolutionNode = FALSE
	EndGlobalSection
	GlobalSection(ExtensibilityGlobals) = postSolution
		SolutionGuid = {76B29090-261C-4310-BC1C-16CD982B367D}
	EndGlobalSection
EndGlobal
